
Microsoft Visual Studio Solution File, Format Version 12.00
# Visual Studio Version 16
VisualStudioVersion = 16.0.28917.181
MinimumVisualStudioVersion = 10.0.40219.1
Project("{FAE04EC0-301F-11D3-BF4B-00C04F79EFBC}") = "Videoman", "Videoman\Videoman.csproj", "{3A6A0609-1D86-4159-A8C2-91F03CA98328}"
EndProject
Global
	GlobalSection(SolutionConfigurationPlatforms) = preSolution
		Debug|Any CPU = Debug|Any CPU
		Release|Any CPU = Release|Any CPU
	EndGlobalSection
	GlobalSection(ProjectConfigurationPlatforms) = postSolution
		{3A6A0609-1D86-4159-A8C2-91F03CA98328}.Debug|Any CPU.ActiveCfg = Debug|Any CPU
		{3A6A0609-1D86-4159-A8C2-91F03CA98328}.Debug|Any CPU.Build.0 = Debug|Any CPU
		{3A6A0609-1D86-4159-A8C2-91F03CA98328}.Release|Any CPU.ActiveCfg = Release|Any CPU
		{3A6A0609-1D86-4159-A8C2-91F03CA98328}.Release|Any CPU.Build.0 = Release|Any CPU
	EndGlobalSection
	GlobalSection(SolutionProperties) = preSolution
		HideSolutionNode = FALSE
	EndGlobalSection
	GlobalSection(ExtensibilityGlobals) = postSolution
		SolutionGuid = {52B4C87B-7600-44A8-AB54-DCD1BD813912}
	EndGlobalSection
EndGlobal
